SITE
  remote: http://community.opscode.com/api/v1
  specs:
    7-zip (1.0.2)
      windows (>= 1.2.2)
    apt (2.4.0)
    ark (0.9.0)
      7-zip (>= 0.0.0)
      windows (>= 0.0.0)
    build-essential (2.0.4)
    chef_handler (1.1.6)
    dmg (2.2.0)
    git (4.0.2)
      build-essential (>= 0.0.0)
      dmg (>= 0.0.0)
      runit (>= 1.0.0)
      windows (>= 0.0.0)
      yum (~> 3.0)
      yum-epel (>= 0.0.0)
    java (1.25.0)
    maven (1.1.0)
      ark (~> 0.4)
      java (~> 1.13)
    runit (1.5.10)
      build-essential (>= 0.0.0)
      yum (~> 3.0)
      yum-epel (>= 0.0.0)
    windows (1.34.0)
      chef_handler (>= 0.0.0)
    xrdp (0.1.0)
      apt (>= 0.0.0)
      yum (>= 0.0.0)
    yum (3.2.2)
    yum-epel (0.4.0)
      yum (~> 3.0)

GIT
  remote: https://github.com/geocent-cookbooks/eclipse
  ref: master
  sha: f75e18bacdc714f6ac5369abdfd809feac7f3b10
  specs:
    eclipse (0.1.0)
      ark (>= 0.0.0)
      java (>= 0.0.0)

GIT
  remote: https://github.com/lonniev/add-vagrantuser
  ref: master
  sha: 6a6733188c9c14ba97efe7d0478aeecda6e3960c
  specs:
    add-vagrantuser (0.1.0)

GIT
  remote: https://github.com/lonniev/ubuntu-desktop
  ref: master
  sha: a9ebea5dfd7bd876177764d528615f70be4bf424
  specs:
    ubuntu-desktop (0.1.0)
      apt (>= 0.0.0)
      yum (>= 0.0.0)

GIT
  remote: https://github.com/lonniev/ubuntu-xfce4
  ref: master
  sha: 62635d47ad6acb88bee2d35766c1036981eccc40
  specs:
    ubuntu-xfce4 (0.1.0)
      apt (>= 0.0.0)
      yum (>= 0.0.0)

GIT
  remote: https://github.com/trywildcard/chef-chrome
  ref: master
  sha: 057359f8a56c7a84fabe2440517c4d9b1e3b25d9
  specs:
    chef-chrome (1.0.0)
      apt (>= 0.0.0)
      yum (>= 0.0.0)

DEPENDENCIES
  add-vagrantuser (>= 0)
  apt (>= 0)
  chef-chrome (>= 0)
  eclipse (>= 0)
  git (>= 0)
  java (>= 0)
  maven (>= 0)
  ubuntu-desktop (>= 0)
  ubuntu-xfce4 (>= 0)
  xrdp (>= 0)

